// !$*UTF8*$!
{
	archiveVersion = 1;
	classes = {
	};
	objectVersion = 46;
	objects = {

/* Begin PBXBuildFile section */
		147B8E601E96B27F00D8BF5A /* AppDelegate.swift in Sources */ = {isa = PBXBuildFile; fileRef = 147B8E5F1E96B27F00D8BF5A /* AppDelegate.swift */; };
		147B8E621E96B27F00D8BF5A /* ViewController.swift in Sources */ = {isa = PBXBuildFile; fileRef = 147B8E611E96B27F00D8BF5A /* ViewController.swift */; };
		147B8E651E96B27F00D8BF5A /* Main.storyboard in Resources */ = {isa = PBXBuildFile; fileRef = 147B8E631E96B27F00D8BF5A /* Main.storyboard */; };
		147B8E671E96B27F00D8BF5A /* Assets.xcassets in Resources */ = {isa = PBXBuildFile; fileRef = 147B8E661E96B27F00D8BF5A /* Assets.xcassets */; };
		147B8E6A1E96B27F00D8BF5A /* LaunchScreen.storyboard in Resources */ = {isa = PBXBuildFile; fileRef = 147B8E681E96B27F00D8BF5A /* LaunchScreen.storyboard */; };
		147B8E721E96B2E300D8BF5A /* Line.swift in Sources */ = {isa = PBXBuildFile; fileRef = 147B8E711E96B2E300D8BF5A /* Line.swift */; };
		147B8E741E96B33900D8BF5A /* DrawView.swift in Sources */ = {isa = PBXBuildFile; fileRef = 147B8E731E96B33900D8BF5A /* DrawView.swift */; };
/* End PBXBuildFile section */

/* Begin PBXFileReference section */
		147B8E5C1E96B27F00D8BF5A /* TouchTracker.app */ = {isa = PBXFileReference; explicitFileType = wrapper.application; includeInIndex = 0; path = TouchTracker.app; sourceTree = BUILT_PRODUCTS_DIR; };
		147B8E5F1E96B27F00D8BF5A /* AppDelegate.swift */ = {isa = PBXFileReference; lastKnownFileType = sourcecode.swift; path = AppDelegate.swift; sourceTree = "<group>"; };
		147B8E611E96B27F00D8BF5A /* ViewController.swift */ = {isa = PBXFileReference; lastKnownFileType = sourcecode.swift; path = ViewController.swift; sourceTree = "<group>"; };
		147B8E641E96B27F00D8BF5A /* Base */ = {isa = PBXFileReference; lastKnownFileType = file.storyboard; name = Base; path = Base.lproj/Main.storyboard; sourceTree = "<group>"; };
		147B8E661E96B27F00D8BF5A /* Assets.xcassets */ = {isa = PBXFileReference; lastKnownFileType = folder.assetcatalog; path = Assets.xcassets; sourceTree = "<group>"; };
		147B8E691E96B27F00D8BF5A /* Base */ = {isa = PBXFileReference; lastKnownFileType = file.storyboard; name = Base; path = Base.lproj/LaunchScreen.storyboard; sourceTree = "<group>"; };
		147B8E6B1E96B27F00D8BF5A /* Info.plist */ = {isa = PBXFileReference; lastKnownFileType = text.plist.xml; path = Info.plist; sourceTree = "<group>"; };
		147B8E711E96B2E300D8BF5A /* Line.swift */ = {isa = PBXFileReference; fileEncoding = 4; lastKnownFileType = sourcecode.swift; path = Line.swift; sourceTree = "<group>"; };
		147B8E731E96B33900D8BF5A /* DrawView.swift */ = {isa = PBXFileReference; fileEncoding = 4; lastKnownFileType = sourcecode.swift; path = DrawView.swift; sourceTree = "<group>"; };
/* End PBXFileReference section */

/* Begin PBXFrameworksBuildPhase section */
		147B8E591E96B27F00D8BF5A /* Frameworks */ = {
			isa = PBXFrameworksBuildPhase;
			buildActionMask = 2147483647;
			files = (
			);
			runOnlyForDeploymentPostprocessing = 0;
		};
/* End PBXFrameworksBuildPhase section */

/* Begin PBXGroup section */
		147B8E531E96B27F00D8BF5A = {
			isa = PBXGroup;
			children = (
				147B8E5E1E96B27F00D8BF5A /* TouchTracker */,
				147B8E5D1E96B27F00D8BF5A /* Products */,
			);
			sourceTree = "<group>";
		};
		147B8E5D1E96B27F00D8BF5A /* Products */ = {
			isa = PBXGroup;
			children = (
				147B8E5C1E96B27F00D8BF5A /* TouchTracker.app */,
			);
			name = Products;
			sourceTree = "<group>";
		};
		147B8E5E1E96B27F00D8BF5A /* TouchTracker */ = {
			isa = PBXGroup;
			children = (
				147B8E5F1E96B27F00D8BF5A /* AppDelegate.swift */,
				147B8E661E96B27F00D8BF5A /* Assets.xcassets */,
				147B8E6B1E96B27F00D8BF5A /* Info.plist */,
				147B8E681E96B27F00D8BF5A /* LaunchScreen.storyboard */,
				147B8E711E96B2E300D8BF5A /* Line.swift */,
				147B8E731E96B33900D8BF5A /* DrawView.swift */,
				147B8E631E96B27F00D8BF5A /* Main.storyboard */,
				147B8E611E96B27F00D8BF5A /* ViewController.swift */,
			);
			path = TouchTracker;
			sourceTree = "<group>";
		};
/* End PBXGroup section */

/* Begin PBXNativeTarget section */
		147B8E5B1E96B27F00D8BF5A /* TouchTracker */ = {
			isa = PBXNativeTarget;
			buildConfigurationList = 147B8E6E1E96B27F00D8BF5A /* Build configuration list for PBXNativeTarget "TouchTracker" */;
			buildPhases = (
				147B8E581E96B27F00D8BF5A /* Sources */,
				147B8E591E96B27F00D8BF5A /* Frameworks */,
				147B8E5A1E96B27F00D8BF5A /* Resources */,
			);
			buildRules = (
			);
			dependencies = (
			);
			name = TouchTracker;
			productName = TouchTracker;
			productReference = 147B8E5C1E96B27F00D8BF5A /* TouchTracker.app */;
			productType = "com.apple.product-type.application";
		};
/* End PBXNativeTarget section */

/* Begin PBXProject section */
		147B8E541E96B27F00D8BF5A /* Project object */ = {
			isa = PBXProject;
			attributes = {
				LastSwiftUpdateCheck = 0820;
				LastUpgradeCheck = 0820;
				ORGANIZATIONNAME = sean;
				TargetAttributes = {
					147B8E5B1E96B27F00D8BF5A = {
						CreatedOnToolsVersion = 8.2.1;
						DevelopmentTeam = 6T24D3G4RQ;
						ProvisioningStyle = Automatic;
					};
				};
			};
			buildConfigurationList = 147B8E571E96B27F00D8BF5A /* Build configuration list for PBXProject "TouchTracker" */;
			compatibilityVersion = "Xcode 3.2";
			developmentRegion = English;
			hasScannedForEncodings = 0;
			knownRegions = (
				en,
				Base,
			);
			mainGroup = 147B8E531E96B27F00D8BF5A;
			productRefGroup = 147B8E5D1E96B27F00D8BF5A /* Products */;
			projectDirPath = "";
			projectRoot = "";
			targets = (
				147B8E5B1E96B27F00D8BF5A /* TouchTracker */,
			);
		};
/* End PBXProject section */

/* Begin PBXResourcesBuildPhase section */
		147B8E5A1E96B27F00D8BF5A /* Resources */ = {
			isa = PBXResourcesBuildPhase;
			buildActionMask = 2147483647;
			files = (
				147B8E6A1E96B27F00D8BF5A /* LaunchScreen.storyboard in Resources */,
				147B8E671E96B27F00D8BF5A /* Assets.xcassets in Resources */,
				147B8E651E96B27F00D8BF5A /* Main.storyboard in Resources */,
			);
			runOnlyForDeploymentPostprocessing = 0;
		};
/* End PBXResourcesBuildPhase section */

/* Begin PBXSourcesBuildPhase section */
		147B8E581E96B27F00D8BF5A /* Sources */ = {
			isa = PBXSourcesBuildPhase;
			buildActionMask = 2147483647;
			files = (
				147B8E721E96B2E300D8BF5A /* Line.swift in Sources */,
				147B8E621E96B27F00D8BF5A /* ViewController.swift in Sources */,
				147B8E741E96B33900D8BF5A /* DrawView.swift in Sources */,
				147B8E601E96B27F00D8BF5A /* AppDelegate.swift in Sources */,
			);
			runOnlyForDeploymentPostprocessing = 0;
		};
/* End PBXSourcesBuildPhase section */

/* Begin PBXVariantGroup section */
		147B8E631E96B27F00D8BF5A /* Main.storyboard */ = {
			isa = PBXVariantGroup;
			children = (
				147B8E641E96B27F00D8BF5A /* Base */,
			);
			name = Main.storyboard;
			sourceTree = "<group>";
		};
		147B8E681E96B27F00D8BF5A /* LaunchScreen.storyboard */ = {
			isa = PBXVariantGroup;
			children = (
				147B8E691E96B27F00D8BF5A /* Base */,
			);
			name = LaunchScreen.storyboard;
			sourceTree = "<group>";
		};
/* End PBXVariantGroup section */

/* Begin XCBuildConfiguration section */
		147B8E6C1E96B27F00D8BF5A /* Debug */ = {
			isa = XCBuildConfiguration;
			buildSettings = {
				ALWAYS_SEARCH_USER_PATHS = NO;
				CLANG_ANALYZER_NONNULL = YES;
				CLANG_CXX_LANGUAGE_STANDARD = "gnu++0x";
				CLANG_CXX_LIBRARY = "libc++";
				CLANG_ENABLE_MODULES = YES;
				CLANG_ENABLE_OBJC_ARC = YES;
				CLANG_WARN_BOOL_CONVERSION = YES;
				CLANG_WARN_CONSTANT_CONVERSION = YES;
				CLANG_WARN_DIRECT_OBJC_ISA_USAGE = YES_ERROR;
				CLANG_WARN_DOCUMENTATION_COMMENTS = YES;
				CLANG_WARN_EMPTY_BODY = YES;
				CLANG_WARN_ENUM_CONVERSION = YES;
				CLANG_WARN_INFINITE_RECURSION = YES;
				CLANG_WARN_INT_CONVERSION = YES;
				CLANG_WARN_OBJC_ROOT_CLASS = YES_ERROR;
				CLANG_WARN_SUSPICIOUS_MOVE = YES;
				CLANG_WARN_UNREACHABLE_CODE = YES;
				CLANG_WARN__DUPLICATE_METHOD_MATCH = YES;
				"CODE_SIGN_IDENTITY[sdk=iphoneos*]" = "iPhone Developer";
				COPY_PHASE_STRIP = NO;
				DEBUG_INFORMATION_FORMAT = dwarf;
				ENABLE_STRICT_OBJC_MSGSEND = YES;
				ENABLE_TESTABILITY = YES;
				GCC_C_LANGUAGE_STANDARD = gnu99;
				GCC_DYNAMIC_NO_PIC = NO;
				GCC_NO_COMMON_BLOCKS = YES;
				GCC_OPTIMIZATION_LEVEL = 0;
				GCC_PREPROCESSOR_DEFINITIONS = (
					"DEBUG=1",
					"$(inherited)",
				);
				GCC_WARN_64_TO_32_BIT_CONVERSION = YES;
				GCC_WARN_ABOUT_RETURN_TYPE = YES_ERROR;
				GCC_WARN_UNDECLARED_SELECTOR = YES;
				GCC_WARN_UNINITIALIZED_AUTOS = YES_AGGRESSIVE;
				GCC_WARN_UNUSED_FUNCTION = YES;
				GCC_WARN_UNUSED_VARIABLE = YES;
				IPHONEOS_DEPLOYMENT_TARGET = 10.2;
				MTL_ENABLE_DEBUG_INFO = YES;
				ONLY_ACTIVE_ARCH = YES;
				SDKROOT = iphoneos;
				SWIFT_ACTIVE_COMPILATION_CONDITIONS = DEBUG;
				SWIFT_OPTIMIZATION_LEVEL = "-Onone";
				TARGETED_DEVICE_FAMILY = "1,2";
			};
			name = Debug;
		};
		147B8E6D1E96B27F00D8BF5A /* Release */ = {
			isa = XCBuildConfiguration;
			buildSettings = {
				ALWAYS_SEARCH_USER_PATHS = NO;
				CLANG_ANALYZER_NONNULL = YES;
				CLANG_CXX_LANGUAGE_STANDARD = "gnu++0x";
				CLANG_CXX_LIBRARY = "libc++";
				CLANG_ENABLE_MODULES = YES;
				CLANG_ENABLE_OBJC_ARC = YES;
				CLANG_WARN_BOOL_CONVERSION = YES;
				CLANG_WARN_CONSTANT_CONVERSION = YES;
				CLANG_WARN_DIRECT_OBJC_ISA_USAGE = YES_ERROR;
				CLANG_WARN_DOCUMENTATION_COMMENTS = YES;
				CLANG_WARN_EMPTY_BODY = YES;
				CLANG_WARN_ENUM_CONVERSION = YES;
				CLANG_WARN_INFINITE_RECURSION = YES;
				CLANG_WARN_INT_CONVERSION = YES;
				CLANG_WARN_OBJC_ROOT_CLASS = YES_ERROR;
				CLANG_WARN_SUSPICIOUS_MOVE = YES;
				CLANG_WARN_UNREACHABLE_CODE = YES;
				CLANG_WARN__DUPLICATE_METHOD_MATCH = YES;
				"CODE_SIGN_IDENTITY[sdk=iphoneos*]" = "iPhone Developer";
				COPY_PHASE_STRIP = NO;
				DEBUG_INFORMATION_FORMAT = "dwarf-with-dsym";
				ENABLE_NS_ASSERTIONS = NO;
				ENABLE_STRICT_OBJC_MSGSEND = YES;
				GCC_C_LANGUAGE_STANDARD = gnu99;
				GCC_NO_COMMON_BLOCKS = YES;
				GCC_WARN_64_TO_32_BIT_CONVERSION = YES;
				GCC_WARN_ABOUT_RETURN_TYPE = YES_ERROR;
				GCC_WARN_UNDECLARED_SELECTOR = YES;
				GCC_WARN_UNINITIALIZED_AUTOS = YES_AGGRESSIVE;
				GCC_WARN_UNUSED_FUNCTION = YES;
				GCC_WARN_UNUSED_VARIABLE = YES;
				IPHONEOS_DEPLOYMENT_TARGET = 10.2;
				MTL_ENABLE_DEBUG_INFO = NO;
				SDKROOT = iphoneos;
				SWIFT_OPTIMIZATION_LEVEL = "-Owholemodule";
				TARGETED_DEVICE_FAMILY = "1,2";
				VALIDATE_PRODUCT = YES;
			};
			name = Release;
		};
		147B8E6F1E96B27F00D8BF5A /* Debug */ = {
			isa = XCBuildConfiguration;
			buildSettings = {
				ASSETCATALOG_COMPILER_APPICON_NAME = AppIcon;
				DEVELOPMENT_TEAM = 6T24D3G4RQ;
				INFOPLIST_FILE = TouchTracker/Info.plist;
				LD_RUNPATH_SEARCH_PATHS = "$(inherited) @executable_path/Frameworks";
				PRODUCT_BUNDLE_IDENTIFIER = sean.TouchTracker;
				PRODUCT_NAME = "$(TARGET_NAME)";
				SWIFT_VERSION = 3.0;
			};
			name = Debug;
		};
		147B8E701E96B27F00D8BF5A /* Release */ = {
			isa = XCBuildConfiguration;
			buildSettings = {
				ASSETCATALOG_COMPILER_APPICON_NAME = AppIcon;
				DEVELOPMENT_TEAM = 6T24D3G4RQ;
				INFOPLIST_FILE = TouchTracker/Info.plist;
				LD_RUNPATH_SEARCH_PATHS = "$(inherited) @executable_path/Frameworks";
				PRODUCT_BUNDLE_IDENTIFIER = sean.TouchTracker;
				PRODUCT_NAME = "$(TARGET_NAME)";
				SWIFT_VERSION = 3.0;
			};
			name = Release;
		};
/* End XCBuildConfiguration section */

/* Begin XCConfigurationList section */
		147B8E571E96B27F00D8BF5A /* Build configuration list for PBXProject "TouchTracker" */ = {
			isa = XCConfigurationList;
			buildConfigurations = (
				147B8E6C1E96B27F00D8BF5A /* Debug */,
				147B8E6D1E96B27F00D8BF5A /* Release */,
			);
			defaultConfigurationIsVisible = 0;
			defaultConfigurationName = Release;
		};
		147B8E6E1E96B27F00D8BF5A /* Build configuration list for PBXNativeTarget "TouchTracker" */ = {
			isa = XCConfigurationList;
			buildConfigurations = (
				147B8E6F1E96B27F00D8BF5A /* Debug */,
				147B8E701E96B27F00D8BF5A /* Release */,
			);
			defaultConfigurationIsVisible = 0;
		};
/* End XCConfigurationList section */
	};
	rootObject = 147B8E541E96B27F00D8BF5A /* Project object */;
}
