// !$*UTF8*$!
{
	archiveVersion = 1;
	classes = {
	};
	objectVersion = 46;
	objects = {

/* Begin PBXBuildFile section */
		140871801E9467A300846285 /* AppDelegate.swift in Sources */ = {isa = PBXBuildFile; fileRef = 1408717F1E9467A300846285 /* AppDelegate.swift */; };
		140871851E9467A300846285 /* Main.storyboard in Resources */ = {isa = PBXBuildFile; fileRef = 140871831E9467A300846285 /* Main.storyboard */; };
		140871871E9467A300846285 /* Assets.xcassets in Resources */ = {isa = PBXBuildFile; fileRef = 140871861E9467A300846285 /* Assets.xcassets */; };
		1408718A1E9467A300846285 /* LaunchScreen.storyboard in Resources */ = {isa = PBXBuildFile; fileRef = 140871881E9467A300846285 /* LaunchScreen.storyboard */; };
		140871921E94681300846285 /* ItemsViewController.swift in Sources */ = {isa = PBXBuildFile; fileRef = 140871911E94681300846285 /* ItemsViewController.swift */; };
		140871941E9468B800846285 /* Item.swift in Sources */ = {isa = PBXBuildFile; fileRef = 140871931E9468B800846285 /* Item.swift */; };
		140871961E94717800846285 /* Helpers.swift in Sources */ = {isa = PBXBuildFile; fileRef = 140871951E94717800846285 /* Helpers.swift */; };
		140871981E9475AA00846285 /* ItemStore.swift in Sources */ = {isa = PBXBuildFile; fileRef = 140871971E9475AA00846285 /* ItemStore.swift */; };
		1408719A1E95516200846285 /* ItemCell.swift in Sources */ = {isa = PBXBuildFile; fileRef = 140871991E95516200846285 /* ItemCell.swift */; };
		1408719C1E9570F700846285 /* DetailViewController.swift in Sources */ = {isa = PBXBuildFile; fileRef = 1408719B1E9570F700846285 /* DetailViewController.swift */; };
		142D7A0A1E95C49400FB7186 /* ImageStore.swift in Sources */ = {isa = PBXBuildFile; fileRef = 142D7A091E95C49400FB7186 /* ImageStore.swift */; };
/* End PBXBuildFile section */

/* Begin PBXFileReference section */
		1408717C1E9467A300846285 /* HomePwner.app */ = {isa = PBXFileReference; explicitFileType = wrapper.application; includeInIndex = 0; path = HomePwner.app; sourceTree = BUILT_PRODUCTS_DIR; };
		1408717F1E9467A300846285 /* AppDelegate.swift */ = {isa = PBXFileReference; lastKnownFileType = sourcecode.swift; path = AppDelegate.swift; sourceTree = "<group>"; };
		140871841E9467A300846285 /* Base */ = {isa = PBXFileReference; lastKnownFileType = file.storyboard; name = Base; path = Base.lproj/Main.storyboard; sourceTree = "<group>"; };
		140871861E9467A300846285 /* Assets.xcassets */ = {isa = PBXFileReference; lastKnownFileType = folder.assetcatalog; path = Assets.xcassets; sourceTree = "<group>"; };
		140871891E9467A300846285 /* Base */ = {isa = PBXFileReference; lastKnownFileType = file.storyboard; name = Base; path = Base.lproj/LaunchScreen.storyboard; sourceTree = "<group>"; };
		1408718B1E9467A300846285 /* Info.plist */ = {isa = PBXFileReference; lastKnownFileType = text.plist.xml; path = Info.plist; sourceTree = "<group>"; };
		140871911E94681300846285 /* ItemsViewController.swift */ = {isa = PBXFileReference; fileEncoding = 4; lastKnownFileType = sourcecode.swift; path = ItemsViewController.swift; sourceTree = "<group>"; };
		140871931E9468B800846285 /* Item.swift */ = {isa = PBXFileReference; fileEncoding = 4; lastKnownFileType = sourcecode.swift; name = Item.swift; path = ../Item.swift; sourceTree = "<group>"; };
		140871951E94717800846285 /* Helpers.swift */ = {isa = PBXFileReference; fileEncoding = 4; lastKnownFileType = sourcecode.swift; name = Helpers.swift; path = ../Helpers.swift; sourceTree = "<group>"; };
		140871971E9475AA00846285 /* ItemStore.swift */ = {isa = PBXFileReference; fileEncoding = 4; lastKnownFileType = sourcecode.swift; path = ItemStore.swift; sourceTree = "<group>"; };
		140871991E95516200846285 /* ItemCell.swift */ = {isa = PBXFileReference; fileEncoding = 4; lastKnownFileType = sourcecode.swift; path = ItemCell.swift; sourceTree = "<group>"; };
		1408719B1E9570F700846285 /* DetailViewController.swift */ = {isa = PBXFileReference; fileEncoding = 4; lastKnownFileType = sourcecode.swift; path = DetailViewController.swift; sourceTree = "<group>"; };
		142D7A091E95C49400FB7186 /* ImageStore.swift */ = {isa = PBXFileReference; fileEncoding = 4; lastKnownFileType = sourcecode.swift; path = ImageStore.swift; sourceTree = "<group>"; };
/* End PBXFileReference section */

/* Begin PBXFrameworksBuildPhase section */
		140871791E9467A300846285 /* Frameworks */ = {
			isa = PBXFrameworksBuildPhase;
			buildActionMask = 2147483647;
			files = (
			);
			runOnlyForDeploymentPostprocessing = 0;
		};
/* End PBXFrameworksBuildPhase section */

/* Begin PBXGroup section */
		140871731E9467A300846285 = {
			isa = PBXGroup;
			children = (
				1408717E1E9467A300846285 /* HomePwner */,
				1408717D1E9467A300846285 /* Products */,
			);
			sourceTree = "<group>";
		};
		1408717D1E9467A300846285 /* Products */ = {
			isa = PBXGroup;
			children = (
				1408717C1E9467A300846285 /* HomePwner.app */,
			);
			name = Products;
			sourceTree = "<group>";
		};
		1408717E1E9467A300846285 /* HomePwner */ = {
			isa = PBXGroup;
			children = (
				1408717F1E9467A300846285 /* AppDelegate.swift */,
				140871931E9468B800846285 /* Item.swift */,
				140871991E95516200846285 /* ItemCell.swift */,
				140871971E9475AA00846285 /* ItemStore.swift */,
				140871911E94681300846285 /* ItemsViewController.swift */,
				140871951E94717800846285 /* Helpers.swift */,
				140871831E9467A300846285 /* Main.storyboard */,
				1408719B1E9570F700846285 /* DetailViewController.swift */,
				142D7A091E95C49400FB7186 /* ImageStore.swift */,
				140871861E9467A300846285 /* Assets.xcassets */,
				140871881E9467A300846285 /* LaunchScreen.storyboard */,
				1408718B1E9467A300846285 /* Info.plist */,
			);
			path = HomePwner;
			sourceTree = "<group>";
		};
/* End PBXGroup section */

/* Begin PBXNativeTarget section */
		1408717B1E9467A300846285 /* HomePwner */ = {
			isa = PBXNativeTarget;
			buildConfigurationList = 1408718E1E9467A300846285 /* Build configuration list for PBXNativeTarget "HomePwner" */;
			buildPhases = (
				140871781E9467A300846285 /* Sources */,
				140871791E9467A300846285 /* Frameworks */,
				1408717A1E9467A300846285 /* Resources */,
			);
			buildRules = (
			);
			dependencies = (
			);
			name = HomePwner;
			productName = HomePwner;
			productReference = 1408717C1E9467A300846285 /* HomePwner.app */;
			productType = "com.apple.product-type.application";
		};
/* End PBXNativeTarget section */

/* Begin PBXProject section */
		140871741E9467A300846285 /* Project object */ = {
			isa = PBXProject;
			attributes = {
				LastSwiftUpdateCheck = 0820;
				LastUpgradeCheck = 0820;
				ORGANIZATIONNAME = sean;
				TargetAttributes = {
					1408717B1E9467A300846285 = {
						CreatedOnToolsVersion = 8.2.1;
						DevelopmentTeam = 6T24D3G4RQ;
						ProvisioningStyle = Automatic;
					};
				};
			};
			buildConfigurationList = 140871771E9467A300846285 /* Build configuration list for PBXProject "HomePwner" */;
			compatibilityVersion = "Xcode 3.2";
			developmentRegion = English;
			hasScannedForEncodings = 0;
			knownRegions = (
				en,
				Base,
			);
			mainGroup = 140871731E9467A300846285;
			productRefGroup = 1408717D1E9467A300846285 /* Products */;
			projectDirPath = "";
			projectRoot = "";
			targets = (
				1408717B1E9467A300846285 /* HomePwner */,
			);
		};
/* End PBXProject section */

/* Begin PBXResourcesBuildPhase section */
		1408717A1E9467A300846285 /* Resources */ = {
			isa = PBXResourcesBuildPhase;
			buildActionMask = 2147483647;
			files = (
				1408718A1E9467A300846285 /* LaunchScreen.storyboard in Resources */,
				140871871E9467A300846285 /* Assets.xcassets in Resources */,
				140871851E9467A300846285 /* Main.storyboard in Resources */,
			);
			runOnlyForDeploymentPostprocessing = 0;
		};
/* End PBXResourcesBuildPhase section */

/* Begin PBXSourcesBuildPhase section */
		140871781E9467A300846285 /* Sources */ = {
			isa = PBXSourcesBuildPhase;
			buildActionMask = 2147483647;
			files = (
				140871921E94681300846285 /* ItemsViewController.swift in Sources */,
				140871941E9468B800846285 /* Item.swift in Sources */,
				1408719A1E95516200846285 /* ItemCell.swift in Sources */,
				142D7A0A1E95C49400FB7186 /* ImageStore.swift in Sources */,
				140871801E9467A300846285 /* AppDelegate.swift in Sources */,
				140871981E9475AA00846285 /* ItemStore.swift in Sources */,
				140871961E94717800846285 /* Helpers.swift in Sources */,
				1408719C1E9570F700846285 /* DetailViewController.swift in Sources */,
			);
			runOnlyForDeploymentPostprocessing = 0;
		};
/* End PBXSourcesBuildPhase section */

/* Begin PBXVariantGroup section */
		140871831E9467A300846285 /* Main.storyboard */ = {
			isa = PBXVariantGroup;
			children = (
				140871841E9467A300846285 /* Base */,
			);
			name = Main.storyboard;
			sourceTree = "<group>";
		};
		140871881E9467A300846285 /* LaunchScreen.storyboard */ = {
			isa = PBXVariantGroup;
			children = (
				140871891E9467A300846285 /* Base */,
			);
			name = LaunchScreen.storyboard;
			sourceTree = "<group>";
		};
/* End PBXVariantGroup section */

/* Begin XCBuildConfiguration section */
		1408718C1E9467A300846285 /* Debug */ = {
			isa = XCBuildConfiguration;
			buildSettings = {
				ALWAYS_SEARCH_USER_PATHS = NO;
				CLANG_ANALYZER_NONNULL = YES;
				CLANG_CXX_LANGUAGE_STANDARD = "gnu++0x";
				CLANG_CXX_LIBRARY = "libc++";
				CLANG_ENABLE_MODULES = YES;
				CLANG_ENABLE_OBJC_ARC = YES;
				CLANG_WARN_BOOL_CONVERSION = YES;
				CLANG_WARN_CONSTANT_CONVERSION = YES;
				CLANG_WARN_DIRECT_OBJC_ISA_USAGE = YES_ERROR;
				CLANG_WARN_DOCUMENTATION_COMMENTS = YES;
				CLANG_WARN_EMPTY_BODY = YES;
				CLANG_WARN_ENUM_CONVERSION = YES;
				CLANG_WARN_INFINITE_RECURSION = YES;
				CLANG_WARN_INT_CONVERSION = YES;
				CLANG_WARN_OBJC_ROOT_CLASS = YES_ERROR;
				CLANG_WARN_SUSPICIOUS_MOVE = YES;
				CLANG_WARN_UNREACHABLE_CODE = YES;
				CLANG_WARN__DUPLICATE_METHOD_MATCH = YES;
				"CODE_SIGN_IDENTITY[sdk=iphoneos*]" = "iPhone Developer";
				COPY_PHASE_STRIP = NO;
				DEBUG_INFORMATION_FORMAT = dwarf;
				ENABLE_STRICT_OBJC_MSGSEND = YES;
				ENABLE_TESTABILITY = YES;
				GCC_C_LANGUAGE_STANDARD = gnu99;
				GCC_DYNAMIC_NO_PIC = NO;
				GCC_NO_COMMON_BLOCKS = YES;
				GCC_OPTIMIZATION_LEVEL = 0;
				GCC_PREPROCESSOR_DEFINITIONS = (
					"DEBUG=1",
					"$(inherited)",
				);
				GCC_WARN_64_TO_32_BIT_CONVERSION = YES;
				GCC_WARN_ABOUT_RETURN_TYPE = YES_ERROR;
				GCC_WARN_UNDECLARED_SELECTOR = YES;
				GCC_WARN_UNINITIALIZED_AUTOS = YES_AGGRESSIVE;
				GCC_WARN_UNUSED_FUNCTION = YES;
				GCC_WARN_UNUSED_VARIABLE = YES;
				IPHONEOS_DEPLOYMENT_TARGET = 10.2;
				MTL_ENABLE_DEBUG_INFO = YES;
				ONLY_ACTIVE_ARCH = YES;
				SDKROOT = iphoneos;
				SWIFT_ACTIVE_COMPILATION_CONDITIONS = DEBUG;
				SWIFT_OPTIMIZATION_LEVEL = "-Onone";
				TARGETED_DEVICE_FAMILY = "1,2";
			};
			name = Debug;
		};
		1408718D1E9467A300846285 /* Release */ = {
			isa = XCBuildConfiguration;
			buildSettings = {
				ALWAYS_SEARCH_USER_PATHS = NO;
				CLANG_ANALYZER_NONNULL = YES;
				CLANG_CXX_LANGUAGE_STANDARD = "gnu++0x";
				CLANG_CXX_LIBRARY = "libc++";
				CLANG_ENABLE_MODULES = YES;
				CLANG_ENABLE_OBJC_ARC = YES;
				CLANG_WARN_BOOL_CONVERSION = YES;
				CLANG_WARN_CONSTANT_CONVERSION = YES;
				CLANG_WARN_DIRECT_OBJC_ISA_USAGE = YES_ERROR;
				CLANG_WARN_DOCUMENTATION_COMMENTS = YES;
				CLANG_WARN_EMPTY_BODY = YES;
				CLANG_WARN_ENUM_CONVERSION = YES;
				CLANG_WARN_INFINITE_RECURSION = YES;
				CLANG_WARN_INT_CONVERSION = YES;
				CLANG_WARN_OBJC_ROOT_CLASS = YES_ERROR;
				CLANG_WARN_SUSPICIOUS_MOVE = YES;
				CLANG_WARN_UNREACHABLE_CODE = YES;
				CLANG_WARN__DUPLICATE_METHOD_MATCH = YES;
				"CODE_SIGN_IDENTITY[sdk=iphoneos*]" = "iPhone Developer";
				COPY_PHASE_STRIP = NO;
				DEBUG_INFORMATION_FORMAT = "dwarf-with-dsym";
				ENABLE_NS_ASSERTIONS = NO;
				ENABLE_STRICT_OBJC_MSGSEND = YES;
				GCC_C_LANGUAGE_STANDARD = gnu99;
				GCC_NO_COMMON_BLOCKS = YES;
				GCC_WARN_64_TO_32_BIT_CONVERSION = YES;
				GCC_WARN_ABOUT_RETURN_TYPE = YES_ERROR;
				GCC_WARN_UNDECLARED_SELECTOR = YES;
				GCC_WARN_UNINITIALIZED_AUTOS = YES_AGGRESSIVE;
				GCC_WARN_UNUSED_FUNCTION = YES;
				GCC_WARN_UNUSED_VARIABLE = YES;
				IPHONEOS_DEPLOYMENT_TARGET = 10.2;
				MTL_ENABLE_DEBUG_INFO = NO;
				SDKROOT = iphoneos;
				SWIFT_OPTIMIZATION_LEVEL = "-Owholemodule";
				TARGETED_DEVICE_FAMILY = "1,2";
				VALIDATE_PRODUCT = YES;
			};
			name = Release;
		};
		1408718F1E9467A300846285 /* Debug */ = {
			isa = XCBuildConfiguration;
			buildSettings = {
				ASSETCATALOG_COMPILER_APPICON_NAME = AppIcon;
				DEVELOPMENT_TEAM = 6T24D3G4RQ;
				INFOPLIST_FILE = HomePwner/Info.plist;
				LD_RUNPATH_SEARCH_PATHS = "$(inherited) @executable_path/Frameworks";
				PRODUCT_BUNDLE_IDENTIFIER = sean.HomePwner;
				PRODUCT_NAME = "$(TARGET_NAME)";
				SWIFT_VERSION = 3.0;
			};
			name = Debug;
		};
		140871901E9467A300846285 /* Release */ = {
			isa = XCBuildConfiguration;
			buildSettings = {
				ASSETCATALOG_COMPILER_APPICON_NAME = AppIcon;
				DEVELOPMENT_TEAM = 6T24D3G4RQ;
				INFOPLIST_FILE = HomePwner/Info.plist;
				LD_RUNPATH_SEARCH_PATHS = "$(inherited) @executable_path/Frameworks";
				PRODUCT_BUNDLE_IDENTIFIER = sean.HomePwner;
				PRODUCT_NAME = "$(TARGET_NAME)";
				SWIFT_VERSION = 3.0;
			};
			name = Release;
		};
/* End XCBuildConfiguration section */

/* Begin XCConfigurationList section */
		140871771E9467A300846285 /* Build configuration list for PBXProject "HomePwner" */ = {
			isa = XCConfigurationList;
			buildConfigurations = (
				1408718C1E9467A300846285 /* Debug */,
				1408718D1E9467A300846285 /* Release */,
			);
			defaultConfigurationIsVisible = 0;
			defaultConfigurationName = Release;
		};
		1408718E1E9467A300846285 /* Build configuration list for PBXNativeTarget "HomePwner" */ = {
			isa = XCConfigurationList;
			buildConfigurations = (
				1408718F1E9467A300846285 /* Debug */,
				140871901E9467A300846285 /* Release */,
			);
			defaultConfigurationIsVisible = 0;
			defaultConfigurationName = Release;
		};
/* End XCConfigurationList section */
	};
	rootObject = 140871741E9467A300846285 /* Project object */;
}
